
Microsoft Visual Studio Solution File, Format Version 12.00
# Visual Studio Version 17
VisualStudioVersion = 17.11.35219.272
MinimumVisualStudioVersion = 10.0.40219.1
Project("{FAE04EC0-301F-11D3-BF4B-00C04F79EFBC}") = "Proxy Pattern", "Proxy Pattern\Proxy Pattern.csproj", "{D86D0C47-88C6-4832-98E8-D74B20D1283F}"
EndProject
Global
	GlobalSection(SolutionConfigurationPlatforms) = preSolution
		Debug|Any CPU = Debug|Any CPU
		Release|Any CPU = Release|Any CPU
	EndGlobalSection
	GlobalSection(ProjectConfigurationPlatforms) = postSolution
		{D86D0C47-88C6-4832-98E8-D74B20D1283F}.Debug|Any CPU.ActiveCfg = Debug|Any CPU
		{D86D0C47-88C6-4832-98E8-D74B20D1283F}.Debug|Any CPU.Build.0 = Debug|Any CPU
		{D86D0C47-88C6-4832-98E8-D74B20D1283F}.Release|Any CPU.ActiveCfg = Release|Any CPU
		{D86D0C47-88C6-4832-98E8-D74B20D1283F}.Release|Any CPU.Build.0 = Release|Any CPU
	EndGlobalSection
	GlobalSection(SolutionProperties) = preSolution
		HideSolutionNode = FALSE
	EndGlobalSection
	GlobalSection(ExtensibilityGlobals) = postSolution
		SolutionGuid = {7B8FF43A-4E44-40CC-A4E4-89EF5F0A96DA}
	EndGlobalSection
EndGlobal
